
Microsoft Visual Studio Solution File, Format Version 12.00
# Visual Studio Version 16
VisualStudioVersion = 16.0.29613.14
MinimumVisualStudioVersion = 10.0.40219.1
Project("{FAE04EC0-301F-11D3-BF4B-00C04F79EFBC}") = "PyramidWordFinder", "PyramidWordFinder\PyramidWordFinder.csproj", "{DD5B2934-AA21-45ED-A65A-59633E7B5FC4}"
EndProject
Global
	GlobalSection(SolutionConfigurationPlatforms) = preSolution
		Debug|Any CPU = Debug|Any CPU
		Release|Any CPU = Release|Any CPU
	EndGlobalSection
	GlobalSection(ProjectConfigurationPlatforms) = postSolution
		{DD5B2934-AA21-45ED-A65A-59633E7B5FC4}.Debug|Any CPU.ActiveCfg = Debug|Any CPU
		{DD5B2934-AA21-45ED-A65A-59633E7B5FC4}.Debug|Any CPU.Build.0 = Debug|Any CPU
		{DD5B2934-AA21-45ED-A65A-59633E7B5FC4}.Release|Any CPU.ActiveCfg = Release|Any CPU
		{DD5B2934-AA21-45ED-A65A-59633E7B5FC4}.Release|Any CPU.Build.0 = Release|Any CPU
	EndGlobalSection
	GlobalSection(SolutionProperties) = preSolution
		HideSolutionNode = FALSE
	EndGlobalSection
	GlobalSection(ExtensibilityGlobals) = postSolution
		SolutionGuid = {A3BB1659-5C5A-4280-B81C-25BD2261052A}
	EndGlobalSection
EndGlobal
